
Microsoft Visual Studio Solution File, Format Version 12.00
# Visual Studio Version 17
VisualStudioVersion = 17.3.32901.215
MinimumVisualStudioVersion = 10.0.40219.1
Project("{FAE04EC0-301F-11D3-BF4B-00C04F79EFBC}") = "PeopleListAPI", "PeopleListAPI\PeopleListAPI.csproj", "{86122858-0108-4344-B761-8708CBF17F63}"
EndProject
Project("{FAE04EC0-301F-11D3-BF4B-00C04F79EFBC}") = "PeopleList.Tests", "PeopleList.Tests\PeopleList.Tests.csproj", "{C9ACADFD-103A-4E38-8670-7652C389E581}"
EndProject
Project("{54A90642-561A-4BB1-A94E-469ADEE60C69}") = "PeopleListApp", "PeopleListApp\PeopleListApp.esproj", "{E667B190-2A72-4F34-B372-2432011D95DD}"
EndProject
Project("{FAE04EC0-301F-11D3-BF4B-00C04F79EFBC}") = "PeopleList.EF", "PeopleList.EF\PeopleList.EF.csproj", "{7F1014FC-3CD7-45F4-9589-843A555E0B1B}"
EndProject
Project("{FAE04EC0-301F-11D3-BF4B-00C04F79EFBC}") = "PeopleList.Domain", "PeopleList.Domain\PeopleList.Domain.csproj", "{26A4FC66-26A5-4944-BADA-6962DD5F2B05}"
EndProject
Global
	GlobalSection(SolutionConfigurationPlatforms) = preSolution
		Debug|Any CPU = Debug|Any CPU
		Release|Any CPU = Release|Any CPU
	EndGlobalSection
	GlobalSection(ProjectConfigurationPlatforms) = postSolution
		{86122858-0108-4344-B761-8708CBF17F63}.Debug|Any CPU.ActiveCfg = Debug|Any CPU
		{86122858-0108-4344-B761-8708CBF17F63}.Debug|Any CPU.Build.0 = Debug|Any CPU
		{86122858-0108-4344-B761-8708CBF17F63}.Release|Any CPU.ActiveCfg = Release|Any CPU
		{86122858-0108-4344-B761-8708CBF17F63}.Release|Any CPU.Build.0 = Release|Any CPU
		{C9ACADFD-103A-4E38-8670-7652C389E581}.Debug|Any CPU.ActiveCfg = Debug|Any CPU
		{C9ACADFD-103A-4E38-8670-7652C389E581}.Debug|Any CPU.Build.0 = Debug|Any CPU
		{C9ACADFD-103A-4E38-8670-7652C389E581}.Release|Any CPU.ActiveCfg = Release|Any CPU
		{C9ACADFD-103A-4E38-8670-7652C389E581}.Release|Any CPU.Build.0 = Release|Any CPU
		{E667B190-2A72-4F34-B372-2432011D95DD}.Debug|Any CPU.ActiveCfg = Debug|Any CPU
		{E667B190-2A72-4F34-B372-2432011D95DD}.Debug|Any CPU.Build.0 = Debug|Any CPU
		{E667B190-2A72-4F34-B372-2432011D95DD}.Debug|Any CPU.Deploy.0 = Debug|Any CPU
		{E667B190-2A72-4F34-B372-2432011D95DD}.Release|Any CPU.ActiveCfg = Release|Any CPU
		{E667B190-2A72-4F34-B372-2432011D95DD}.Release|Any CPU.Build.0 = Release|Any CPU
		{E667B190-2A72-4F34-B372-2432011D95DD}.Release|Any CPU.Deploy.0 = Release|Any CPU
		{7F1014FC-3CD7-45F4-9589-843A555E0B1B}.Debug|Any CPU.ActiveCfg = Debug|Any CPU
		{7F1014FC-3CD7-45F4-9589-843A555E0B1B}.Debug|Any CPU.Build.0 = Debug|Any CPU
		{7F1014FC-3CD7-45F4-9589-843A555E0B1B}.Release|Any CPU.ActiveCfg = Release|Any CPU
		{7F1014FC-3CD7-45F4-9589-843A555E0B1B}.Release|Any CPU.Build.0 = Release|Any CPU
		{26A4FC66-26A5-4944-BADA-6962DD5F2B05}.Debug|Any CPU.ActiveCfg = Debug|Any CPU
		{26A4FC66-26A5-4944-BADA-6962DD5F2B05}.Debug|Any CPU.Build.0 = Debug|Any CPU
		{26A4FC66-26A5-4944-BADA-6962DD5F2B05}.Release|Any CPU.ActiveCfg = Release|Any CPU
		{26A4FC66-26A5-4944-BADA-6962DD5F2B05}.Release|Any CPU.Build.0 = Release|Any CPU
	EndGlobalSection
	GlobalSection(SolutionProperties) = preSolution
		HideSolutionNode = FALSE
	EndGlobalSection
	GlobalSection(ExtensibilityGlobals) = postSolution
		SolutionGuid = {44E7C5FF-FDFD-4D42-83A6-3F1E483CD29F}
	EndGlobalSection
EndGlobal
