
Microsoft Visual Studio Solution File, Format Version 12.00
# Visual Studio Version 17
VisualStudioVersion = 17.3.32901.215
MinimumVisualStudioVersion = 10.0.40219.1
Project("{FAE04EC0-301F-11D3-BF4B-00C04F79EFBC}") = "PeopleListAPI", "PeopleListAPI\PeopleListAPI.csproj", "{86122858-0108-4344-B761-8708CBF17F63}"
EndProject
Project("{FAE04EC0-301F-11D3-BF4B-00C04F79EFBC}") = "PeopleList.Tests", "PeopleList.Tests\PeopleList.Tests.csproj", "{C9ACADFD-103A-4E38-8670-7652C389E581}"
EndProject
Project("{FAE04EC0-301F-11D3-BF4B-00C04F79EFBC}") = "PeopleListApp", "PeopleListApp\PeopleListApp.csproj", "{2E2DB3DF-BF05-4B3F-8BBC-06A5482AC0C8}"
EndProject
Global
	GlobalSection(SolutionConfigurationPlatforms) = preSolution
		Debug|Any CPU = Debug|Any CPU
		Release|Any CPU = Release|Any CPU
	EndGlobalSection
	GlobalSection(ProjectConfigurationPlatforms) = postSolution
		{86122858-0108-4344-B761-8708CBF17F63}.Debug|Any CPU.ActiveCfg = Debug|Any CPU
		{86122858-0108-4344-B761-8708CBF17F63}.Debug|Any CPU.Build.0 = Debug|Any CPU
		{86122858-0108-4344-B761-8708CBF17F63}.Release|Any CPU.ActiveCfg = Release|Any CPU
		{86122858-0108-4344-B761-8708CBF17F63}.Release|Any CPU.Build.0 = Release|Any CPU
		{C9ACADFD-103A-4E38-8670-7652C389E581}.Debug|Any CPU.ActiveCfg = Debug|Any CPU
		{C9ACADFD-103A-4E38-8670-7652C389E581}.Debug|Any CPU.Build.0 = Debug|Any CPU
		{C9ACADFD-103A-4E38-8670-7652C389E581}.Release|Any CPU.ActiveCfg = Release|Any CPU
		{C9ACADFD-103A-4E38-8670-7652C389E581}.Release|Any CPU.Build.0 = Release|Any CPU
		{2E2DB3DF-BF05-4B3F-8BBC-06A5482AC0C8}.Debug|Any CPU.ActiveCfg = Debug|Any CPU
		{2E2DB3DF-BF05-4B3F-8BBC-06A5482AC0C8}.Debug|Any CPU.Build.0 = Debug|Any CPU
		{2E2DB3DF-BF05-4B3F-8BBC-06A5482AC0C8}.Release|Any CPU.ActiveCfg = Release|Any CPU
		{2E2DB3DF-BF05-4B3F-8BBC-06A5482AC0C8}.Release|Any CPU.Build.0 = Release|Any CPU
	EndGlobalSection
	GlobalSection(SolutionProperties) = preSolution
		HideSolutionNode = FALSE
	EndGlobalSection
	GlobalSection(ExtensibilityGlobals) = postSolution
		SolutionGuid = {44E7C5FF-FDFD-4D42-83A6-3F1E483CD29F}
	EndGlobalSection
EndGlobal
